
Microsoft Visual Studio Solution File, Format Version 12.00
# Visual Studio Version 17
VisualStudioVersion = 17.2.32526.322
MinimumVisualStudioVersion = 10.0.40219.1
Project("{FAE04EC0-301F-11D3-BF4B-00C04F79EFBC}") = "Teretana", "Teretana\Teretana.csproj", "{46DB1958-E3E9-41EA-A06F-39F098AABB43}"
EndProject
Global
	GlobalSection(SolutionConfigurationPlatforms) = preSolution
		Debug|Any CPU = Debug|Any CPU
		Release|Any CPU = Release|Any CPU
	EndGlobalSection
	GlobalSection(ProjectConfigurationPlatforms) = postSolution
		{46DB1958-E3E9-41EA-A06F-39F098AABB43}.Debug|Any CPU.ActiveCfg = Debug|Any CPU
		{46DB1958-E3E9-41EA-A06F-39F098AABB43}.Debug|Any CPU.Build.0 = Debug|Any CPU
		{46DB1958-E3E9-41EA-A06F-39F098AABB43}.Release|Any CPU.ActiveCfg = Release|Any CPU
		{46DB1958-E3E9-41EA-A06F-39F098AABB43}.Release|Any CPU.Build.0 = Release|Any CPU
	EndGlobalSection
	GlobalSection(SolutionProperties) = preSolution
		HideSolutionNode = FALSE
	EndGlobalSection
	GlobalSection(ExtensibilityGlobals) = postSolution
		SolutionGuid = {068242BE-3510-4810-B51A-08DEC297F730}
	EndGlobalSection
EndGlobal
